
Microsoft Visual Studio Solution File, Format Version 12.00
# Visual Studio Version 17
VisualStudioVersion = 17.2.32616.157
MinimumVisualStudioVersion = 10.0.40219.1
Project("{FAE04EC0-301F-11D3-BF4B-00C04F79EFBC}") = "Abstract_Factory", "Abstract_Factory\Abstract_Factory.csproj", "{55BB6469-36F8-4A29-A25D-3934A7FA689C}"
EndProject
Global
	GlobalSection(SolutionConfigurationPlatforms) = preSolution
		Debug|Any CPU = Debug|Any CPU
		Release|Any CPU = Release|Any CPU
	EndGlobalSection
	GlobalSection(ProjectConfigurationPlatforms) = postSolution
		{55BB6469-36F8-4A29-A25D-3934A7FA689C}.Debug|Any CPU.ActiveCfg = Debug|Any CPU
		{55BB6469-36F8-4A29-A25D-3934A7FA689C}.Debug|Any CPU.Build.0 = Debug|Any CPU
		{55BB6469-36F8-4A29-A25D-3934A7FA689C}.Release|Any CPU.ActiveCfg = Release|Any CPU
		{55BB6469-36F8-4A29-A25D-3934A7FA689C}.Release|Any CPU.Build.0 = Release|Any CPU
	EndGlobalSection
	GlobalSection(SolutionProperties) = preSolution
		HideSolutionNode = FALSE
	EndGlobalSection
	GlobalSection(ExtensibilityGlobals) = postSolution
		SolutionGuid = {22020C16-B8D1-4400-A4B4-545619559C06}
	EndGlobalSection
EndGlobal
