
Microsoft Visual Studio Solution File, Format Version 12.00
# Visual Studio Version 17
VisualStudioVersion = 17.2.32616.157
MinimumVisualStudioVersion = 10.0.40219.1
Project("{FAE04EC0-301F-11D3-BF4B-00C04F79EFBC}") = "Singleton", "Singleton\Singleton.csproj", "{8C7BC03D-1EAD-419E-B6A8-4AF921F40D7D}"
EndProject
Global
	GlobalSection(SolutionConfigurationPlatforms) = preSolution
		Debug|Any CPU = Debug|Any CPU
		Release|Any CPU = Release|Any CPU
	EndGlobalSection
	GlobalSection(ProjectConfigurationPlatforms) = postSolution
		{8C7BC03D-1EAD-419E-B6A8-4AF921F40D7D}.Debug|Any CPU.ActiveCfg = Debug|Any CPU
		{8C7BC03D-1EAD-419E-B6A8-4AF921F40D7D}.Debug|Any CPU.Build.0 = Debug|Any CPU
		{8C7BC03D-1EAD-419E-B6A8-4AF921F40D7D}.Release|Any CPU.ActiveCfg = Release|Any CPU
		{8C7BC03D-1EAD-419E-B6A8-4AF921F40D7D}.Release|Any CPU.Build.0 = Release|Any CPU
	EndGlobalSection
	GlobalSection(SolutionProperties) = preSolution
		HideSolutionNode = FALSE
	EndGlobalSection
	GlobalSection(ExtensibilityGlobals) = postSolution
		SolutionGuid = {DDE58EE5-F61B-427A-91E8-6037BF974EF0}
	EndGlobalSection
EndGlobal
